
Microsoft Visual Studio Solution File, Format Version 12.00
# Visual Studio Version 16
VisualStudioVersion = 16.0.31911.196
MinimumVisualStudioVersion = 10.0.40219.1
Project("{FAE04EC0-301F-11D3-BF4B-00C04F79EFBC}") = "ProceduralBitmap", "ProceduralBitmap.csproj", "{5013A2DE-3D57-43FA-A005-FC00D4E5EABD}"
EndProject
Global
	GlobalSection(SolutionConfigurationPlatforms) = preSolution
		Debug|Any CPU = Debug|Any CPU
		Release|Any CPU = Release|Any CPU
	EndGlobalSection
	GlobalSection(ProjectConfigurationPlatforms) = postSolution
		{5013A2DE-3D57-43FA-A005-FC00D4E5EABD}.Debug|Any CPU.ActiveCfg = Debug|Any CPU
		{5013A2DE-3D57-43FA-A005-FC00D4E5EABD}.Debug|Any CPU.Build.0 = Debug|Any CPU
		{5013A2DE-3D57-43FA-A005-FC00D4E5EABD}.Release|Any CPU.ActiveCfg = Release|Any CPU
		{5013A2DE-3D57-43FA-A005-FC00D4E5EABD}.Release|Any CPU.Build.0 = Release|Any CPU
	EndGlobalSection
	GlobalSection(SolutionProperties) = preSolution
		HideSolutionNode = FALSE
	EndGlobalSection
	GlobalSection(ExtensibilityGlobals) = postSolution
		SolutionGuid = {E0AB0E20-E83D-4603-867A-037C6C5F69C6}
	EndGlobalSection
EndGlobal
